{
  "version": 1,
  "dependencies": {
    "native,Version=v0.0": {
      "Microsoft.UI.Xaml": {
        "type": "Direct",
        "requested": "[2.3.191129002, 2.3.191129002]",
        "resolved": "2.3.191129002",
        "contentHash": "1g5umYxZN+UK5BCcBNw/x3MZAC3GEgoW8rwcSBR1piYbk8+7IlOELUN4R9F1thWf8m3DHsHSZM46+guS/LEIvA=="
      },
      "Microsoft.Windows.CppWinRT": {
        "type": "Direct",
        "requested": "[2.0.210309.3, 2.0.210309.3]",
        "resolved": "2.0.210309.3",
        "contentHash": "TrWDWOIhcF4h8uZDCpLJLdah2p2m9T/bnGpIp6jbv3p75i3vmjnU8jdVFCpeJpJbgYDqqhvCIQ1Ml0BouDDcqA=="
      }
    }
  }
}