<?xml version="1.0" encoding="utf-8"?>
<Project ToolsVersion="4.0" xmlns="http://schemas.microsoft.com/developer/msbuild/2003">
  <ItemGroup>
    <Filter Include="Resource Files">
      <UniqueIdentifier>{67DA6AB6-F800-4c08-8B7A-83BB121AAD01}</UniqueIdentifier>
      <Extensions>rc;ico;cur;bmp;dlg;rc2;rct;bin;rgs;gif;jpg;jpeg;jpe;resx;tiff;tif;png;wav;mfcribbon-ms</Extensions>
    </Filter>
    <Filter Include="Views">
      <UniqueIdentifier>{e2aaf5fd-f2b5-4e83-81cd-fa5c645e7b44}</UniqueIdentifier>
    </Filter>
    <Filter Include="Utils">
      <UniqueIdentifier>{b9a26846-1821-42bd-90ca-269455ed749d}</UniqueIdentifier>
    </Filter>
    <Filter Include="IDLs">
      <UniqueIdentifier>{af2df92d-bb97-4ca7-9199-710092ed0583}</UniqueIdentifier>
    </Filter>
    <Filter Include="D2DWrappers">
      <UniqueIdentifier>{72678be0-05b4-475c-b4df-f39a139362de}</UniqueIdentifier>
    </Filter>
    <Filter Include="Views\Group">
      <UniqueIdentifier>{af8fa78f-4084-46df-9ed0-43bd92731938}</UniqueIdentifier>
    </Filter>
    <Filter Include="Views\Group\Brush">
      <UniqueIdentifier>{28cacd6c-0c11-4747-83b5-8020cd1ebe6a}</UniqueIdentifier>
    </Filter>
    <Filter Include="Views\Group\Text">
      <UniqueIdentifier>{e6183a93-8cfe-4ae5-a008-a244bf877fdd}</UniqueIdentifier>
    </Filter>
    <Filter Include="ViewManagers">
      <UniqueIdentifier>{903caadb-cce7-4047-85a4-02cb1081259d}</UniqueIdentifier>
    </Filter>
    <Filter Include="ViewManagers\Group">
      <UniqueIdentifier>{0a73fdc8-1bc0-472c-9e0e-b74523f527a1}</UniqueIdentifier>
    </Filter>
    <Filter Include="ViewManagers\Group\Brush">
      <UniqueIdentifier>{057e5232-638c-4f2d-a509-195b3e5544f0}</UniqueIdentifier>
    </Filter>
    <Filter Include="ViewManagers\Group\Text">
      <UniqueIdentifier>{06b62b39-66a3-4a36-a349-cac0f3a3f196}</UniqueIdentifier>
    </Filter>
  </ItemGroup>
  <ItemGroup>
    <ClInclude Include="pch.h" />
    <ClInclude Include="resource.h" />
    <ClInclude Include="RNSVGModule.h" />
    <ClInclude Include="targetver.h" />
    <ClInclude Include="SvgView.h">
      <Filter>Views</Filter>
    </ClInclude>
    <ClInclude Include="RectView.h">
      <Filter>Views</Filter>
    </ClInclude>
    <ClInclude Include="RenderableView.h">
      <Filter>Views</Filter>
    </ClInclude>
    <ClInclude Include="D2DHelpers.h">
      <Filter>Utils</Filter>
    </ClInclude>
    <ClInclude Include="Utils.h">
      <Filter>Utils</Filter>
    </ClInclude>
    <ClInclude Include="SVGLength.h">
      <Filter>Utils</Filter>
    </ClInclude>
    <ClInclude Include="CircleView.h">
      <Filter>Views</Filter>
    </ClInclude>
    <ClInclude Include="EllipseView.h">
      <Filter>Views</Filter>
    </ClInclude>
    <ClInclude Include="LineView.h">
      <Filter>Views</Filter>
    </ClInclude>
    <ClInclude Include="PathView.h">
      <Filter>Views</Filter>
    </ClInclude>
    <ClInclude Include="UseView.h">
      <Filter>Views</Filter>
    </ClInclude>
    <ClInclude Include="GroupView.h">
      <Filter>Views\Group</Filter>
    </ClInclude>
    <ClInclude Include="SymbolView.h">
      <Filter>Views\Group</Filter>
    </ClInclude>
    <ClInclude Include="DefsView.h">
      <Filter>Views\Group</Filter>
    </ClInclude>
    <ClInclude Include="ClipPathView.h">
      <Filter>Views\Group</Filter>
    </ClInclude>
    <ClInclude Include="MarkerView.h">
      <Filter>Views\Group</Filter>
    </ClInclude>
    <ClInclude Include="BrushView.h">
      <Filter>Views\Group\Brush</Filter>
    </ClInclude>
    <ClInclude Include="LinearGradientView.h">
      <Filter>Views\Group\Brush</Filter>
    </ClInclude>
    <ClInclude Include="RadialGradientView.h">
      <Filter>Views\Group\Brush</Filter>
    </ClInclude>
    <ClInclude Include="PatternView.h">
      <Filter>Views\Group\Brush</Filter>
    </ClInclude>
    <ClInclude Include="TextView.h">
      <Filter>Views\Group\Text</Filter>
    </ClInclude>
    <ClInclude Include="TSpanView.h">
      <Filter>Views\Group\Text</Filter>
    </ClInclude>
    <ClInclude Include="ImageView.h">
      <Filter>Views</Filter>
    </ClInclude>
    <ClInclude Include="D2DWrappers\D2DBrush.h">
      <Filter>D2DWrappers</Filter>
    </ClInclude>
    <ClInclude Include="D2DWrappers\D2DDevice.h">
      <Filter>D2DWrappers</Filter>
    </ClInclude>
    <ClInclude Include="D2DWrappers\D2DDeviceContext.h">
      <Filter>D2DWrappers</Filter>
    </ClInclude>
    <ClInclude Include="D2DWrappers\D2DGeometry.h">
      <Filter>D2DWrappers</Filter>
    </ClInclude>
    <ClInclude Include="ViewManagers\CircleViewManager.h">
      <Filter>ViewManagers</Filter>
    </ClInclude>
    <ClInclude Include="ViewManagers\EllipseViewManager.h">
      <Filter>ViewManagers</Filter>
    </ClInclude>
    <ClInclude Include="ViewManagers\ImageViewManager.h">
      <Filter>ViewManagers</Filter>
    </ClInclude>
    <ClInclude Include="ViewManagers\LineViewManager.h">
      <Filter>ViewManagers</Filter>
    </ClInclude>
    <ClInclude Include="ViewManagers\PathViewManager.h">
      <Filter>ViewManagers</Filter>
    </ClInclude>
    <ClInclude Include="ViewManagers\RectViewManager.h">
      <Filter>ViewManagers</Filter>
    </ClInclude>
    <ClInclude Include="ViewManagers\RenderableViewManager.h">
      <Filter>ViewManagers</Filter>
    </ClInclude>
    <ClInclude Include="ViewManagers\SvgViewManager.h">
      <Filter>ViewManagers</Filter>
    </ClInclude>
    <ClInclude Include="ViewManagers\DefsViewManager.h">
      <Filter>ViewManagers\Group</Filter>
    </ClInclude>
    <ClInclude Include="ViewManagers\GroupViewManager.h">
      <Filter>ViewManagers\Group</Filter>
    </ClInclude>
    <ClInclude Include="ViewManagers\SymbolViewManager.h">
      <Filter>ViewManagers\Group</Filter>
    </ClInclude>
    <ClInclude Include="ViewManagers\TSpanViewManager.h">
      <Filter>ViewManagers\Group\Text</Filter>
    </ClInclude>
    <ClInclude Include="ViewManagers\TextViewManager.h">
      <Filter>ViewManagers\Group\Text</Filter>
    </ClInclude>
    <ClInclude Include="ViewManagers\LinearGradientViewManager.h">
      <Filter>ViewManagers\Group\Brush</Filter>
    </ClInclude>
    <ClInclude Include="ViewManagers\PatternViewManager.h">
      <Filter>ViewManagers\Group\Brush</Filter>
    </ClInclude>
    <ClInclude Include="ViewManagers\RadialGradientViewManager.h">
      <Filter>ViewManagers\Group\Brush</Filter>
    </ClInclude>
    <ClInclude Include="ViewManagers\MarkerViewManager.h">
      <Filter>ViewManagers\Group</Filter>
    </ClInclude>
    <ClInclude Include="ViewManagers\ClipPathViewManager.h">
      <Filter>ViewManagers\Group</Filter>
    </ClInclude>
    <ClInclude Include="ViewManagers\UseViewManager.h">
      <Filter>ViewManagers</Filter>
    </ClInclude>
  </ItemGroup>
  <ItemGroup>
    <ClCompile Include="$(GeneratedFilesDir)module.g.cpp" />
    <ClCompile Include="pch.cpp" />
    <ClCompile Include="RNSVGModule.cpp" />
    <ClCompile Include="SvgView.cpp">
      <Filter>Views</Filter>
    </ClCompile>
    <ClCompile Include="RectView.cpp">
      <Filter>Views</Filter>
    </ClCompile>
    <ClCompile Include="RenderableView.cpp">
      <Filter>Views</Filter>
    </ClCompile>
    <ClCompile Include="SVGLength.cpp">
      <Filter>Utils</Filter>
    </ClCompile>
    <ClCompile Include="CircleView.cpp">
      <Filter>Views</Filter>
    </ClCompile>
    <ClCompile Include="EllipseView.cpp">
      <Filter>Views</Filter>
    </ClCompile>
    <ClCompile Include="LineView.cpp">
      <Filter>Views</Filter>
    </ClCompile>
    <ClCompile Include="PathView.cpp">
      <Filter>Views</Filter>
    </ClCompile>
    <ClCompile Include="UseView.cpp">
      <Filter>Views</Filter>
    </ClCompile>
    <ClCompile Include="GroupView.cpp">
      <Filter>Views\Group</Filter>
    </ClCompile>
    <ClCompile Include="SymbolView.cpp">
      <Filter>Views\Group</Filter>
    </ClCompile>
    <ClCompile Include="DefsView.cpp">
      <Filter>Views\Group</Filter>
    </ClCompile>
    <ClCompile Include="ClipPathView.cpp">
      <Filter>Views\Group</Filter>
    </ClCompile>
    <ClCompile Include="MarkerView.cpp">
      <Filter>Views\Group</Filter>
    </ClCompile>
    <ClCompile Include="BrushView.cpp">
      <Filter>Views\Group\Brush</Filter>
    </ClCompile>
    <ClCompile Include="LinearGradientView.cpp">
      <Filter>Views\Group\Brush</Filter>
    </ClCompile>
    <ClCompile Include="RadialGradientView.cpp">
      <Filter>Views\Group\Brush</Filter>
    </ClCompile>
    <ClCompile Include="PatternView.cpp">
      <Filter>Views\Group\Brush</Filter>
    </ClCompile>
    <ClCompile Include="TextView.cpp">
      <Filter>Views\Group\Text</Filter>
    </ClCompile>
    <ClCompile Include="TSpanView.cpp">
      <Filter>Views\Group\Text</Filter>
    </ClCompile>
    <ClCompile Include="ImageView.cpp">
      <Filter>Views</Filter>
    </ClCompile>
    <ClCompile Include="D2DWrappers\D2DBrush.cpp">
      <Filter>D2DWrappers</Filter>
    </ClCompile>
    <ClCompile Include="D2DWrappers\D2DDevice.cpp">
      <Filter>D2DWrappers</Filter>
    </ClCompile>
    <ClCompile Include="D2DWrappers\D2DDeviceContext.cpp">
      <Filter>D2DWrappers</Filter>
    </ClCompile>
    <ClCompile Include="D2DWrappers\D2DGeometry.cpp">
      <Filter>D2DWrappers</Filter>
    </ClCompile>
    <ClCompile Include="ViewManagers\CircleViewManager.cpp">
      <Filter>ViewManagers</Filter>
    </ClCompile>
    <ClCompile Include="ViewManagers\EllipseViewManager.cpp">
      <Filter>ViewManagers</Filter>
    </ClCompile>
    <ClCompile Include="ViewManagers\ImageViewManager.cpp">
      <Filter>ViewManagers</Filter>
    </ClCompile>
    <ClCompile Include="ViewManagers\LineViewManager.cpp">
      <Filter>ViewManagers</Filter>
    </ClCompile>
    <ClCompile Include="ViewManagers\PathViewManager.cpp">
      <Filter>ViewManagers</Filter>
    </ClCompile>
    <ClCompile Include="ViewManagers\RectViewManager.cpp">
      <Filter>ViewManagers</Filter>
    </ClCompile>
    <ClCompile Include="ViewManagers\RenderableViewManager.cpp">
      <Filter>ViewManagers</Filter>
    </ClCompile>
    <ClCompile Include="ViewManagers\SvgViewManager.cpp">
      <Filter>ViewManagers</Filter>
    </ClCompile>
    <ClCompile Include="ViewManagers\DefsViewManager.cpp">
      <Filter>ViewManagers\Group</Filter>
    </ClCompile>
    <ClCompile Include="ViewManagers\GroupViewManager.cpp">
      <Filter>ViewManagers\Group</Filter>
    </ClCompile>
    <ClCompile Include="ViewManagers\SymbolViewManager.cpp">
      <Filter>ViewManagers\Group</Filter>
    </ClCompile>
    <ClCompile Include="ViewManagers\TextViewManager.cpp">
      <Filter>ViewManagers\Group\Text</Filter>
    </ClCompile>
    <ClCompile Include="ViewManagers\TSpanViewManager.cpp">
      <Filter>ViewManagers\Group\Text</Filter>
    </ClCompile>
    <ClCompile Include="ViewManagers\LinearGradientViewManager.cpp">
      <Filter>ViewManagers\Group\Brush</Filter>
    </ClCompile>
    <ClCompile Include="ViewManagers\PatternViewManager.cpp">
      <Filter>ViewManagers\Group\Brush</Filter>
    </ClCompile>
    <ClCompile Include="ViewManagers\RadialGradientViewManager.cpp">
      <Filter>ViewManagers\Group\Brush</Filter>
    </ClCompile>
    <ClCompile Include="ViewManagers\MarkerViewManager.cpp">
      <Filter>ViewManagers\Group</Filter>
    </ClCompile>
    <ClCompile Include="ViewManagers\ClipPathViewManager.cpp">
      <Filter>ViewManagers\Group</Filter>
    </ClCompile>
    <ClCompile Include="ViewManagers\UseViewManager.cpp">
      <Filter>ViewManagers</Filter>
    </ClCompile>
  </ItemGroup>
  <ItemGroup>
    <ResourceCompile Include="RNSVG.rc">
      <Filter>Resource Files</Filter>
    </ResourceCompile>
  </ItemGroup>
  <ItemGroup>
    <Midl Include="ReactPackageProvider.idl" />
    <Midl Include="IDLs\Fabric.idl">
      <Filter>IDLs</Filter>
    </Midl>
    <Midl Include="IDLs\Paper.idl">
      <Filter>IDLs</Filter>
    </Midl>
    <Midl Include="IDLs\Types.idl">
      <Filter>IDLs</Filter>
    </Midl>
    <Midl Include="IDLs\ViewManagers.idl">
      <Filter>IDLs</Filter>
    </Midl>
    <Midl Include="IDLs\ViewProps.idl">
      <Filter>IDLs</Filter>
    </Midl>
    <Midl Include="IDLs\Views.idl">
      <Filter>IDLs</Filter>
    </Midl>
  </ItemGroup>
</Project>