<?xml version="1.0" encoding="utf-8"?>
<Project ToolsVersion="4.0" xmlns="http://schemas.microsoft.com/developer/msbuild/2003">
  <ItemGroup>
    <Filter Include="Resource Files">
      <UniqueIdentifier>{67DA6AB6-F800-4c08-8B7A-83BB121AAD01}</UniqueIdentifier>
      <Extensions>rc;ico;cur;bmp;dlg;rc2;rct;bin;rgs;gif;jpg;jpeg;jpe;resx;tiff;tif;png;wav;mfcribbon-ms</Extensions>
    </Filter>
    <Filter Include="Views">
      <UniqueIdentifier>{e2aaf5fd-f2b5-4e83-81cd-fa5c645e7b44}</UniqueIdentifier>
    </Filter>
    <Filter Include="Utils">
      <UniqueIdentifier>{b9a26846-1821-42bd-90ca-269455ed749d}</UniqueIdentifier>
    </Filter>
    <Filter Include="IDLs">
      <UniqueIdentifier>{af2df92d-bb97-4ca7-9199-710092ed0583}</UniqueIdentifier>
    </Filter>
    <Filter Include="D2DWrappers">
      <UniqueIdentifier>{72678be0-05b4-475c-b4df-f39a139362de}</UniqueIdentifier>
    </Filter>
  </ItemGroup>
  <ItemGroup>
    <ClInclude Include="pch.h" />
    <ClInclude Include="resource.h" />
    <ClInclude Include="RNSVGModule.h" />
    <ClInclude Include="targetver.h" />
    <ClInclude Include="SvgView.h">
      <Filter>Views</Filter>
    </ClInclude>
    <ClInclude Include="BrushView.h">
      <Filter>Views</Filter>
    </ClInclude>
    <ClInclude Include="GroupView.h">
      <Filter>Views</Filter>
    </ClInclude>
    <ClInclude Include="RectView.h">
      <Filter>Views</Filter>
    </ClInclude>
    <ClInclude Include="RenderableView.h">
      <Filter>Views</Filter>
    </ClInclude>
    <ClInclude Include="D2DHelpers.h">
      <Filter>Utils</Filter>
    </ClInclude>
    <ClInclude Include="Utils.h">
      <Filter>Utils</Filter>
    </ClInclude>
    <ClInclude Include="D2DBrush.h">
      <Filter>D2DWrappers</Filter>
    </ClInclude>
    <ClInclude Include="D2DDevice.h">
      <Filter>D2DWrappers</Filter>
    </ClInclude>
    <ClInclude Include="D2DDeviceContext.h">
      <Filter>D2DWrappers</Filter>
    </ClInclude>
    <ClInclude Include="D2DGeometry.h">
      <Filter>D2DWrappers</Filter>
    </ClInclude>
    <ClInclude Include="SVGLength.h">
      <Filter>Utils</Filter>
    </ClInclude>
    <ClInclude Include="CircleView.h">
      <Filter>Views</Filter>
    </ClInclude>
    <ClInclude Include="EllipseView.h">
      <Filter>Views</Filter>
    </ClInclude>
    <ClInclude Include="LineView.h">
      <Filter>Views</Filter>
    </ClInclude>
  </ItemGroup>
  <ItemGroup>
    <ClCompile Include="$(GeneratedFilesDir)module.g.cpp" />
    <ClCompile Include="pch.cpp" />
    <ClCompile Include="RNSVGModule.cpp" />
    <ClCompile Include="SvgView.cpp">
      <Filter>Views</Filter>
    </ClCompile>
    <ClCompile Include="BrushView.cpp">
      <Filter>Views</Filter>
    </ClCompile>
    <ClCompile Include="GroupView.cpp">
      <Filter>Views</Filter>
    </ClCompile>
    <ClCompile Include="RectView.cpp">
      <Filter>Views</Filter>
    </ClCompile>
    <ClCompile Include="RenderableView.cpp">
      <Filter>Views</Filter>
    </ClCompile>
    <ClCompile Include="D2DBrush.cpp">
      <Filter>D2DWrappers</Filter>
    </ClCompile>
    <ClCompile Include="D2DDevice.cpp">
      <Filter>D2DWrappers</Filter>
    </ClCompile>
    <ClCompile Include="D2DDeviceContext.cpp">
      <Filter>D2DWrappers</Filter>
    </ClCompile>
    <ClCompile Include="D2DGeometry.cpp">
      <Filter>D2DWrappers</Filter>
    </ClCompile>
    <ClCompile Include="SVGLength.cpp">
      <Filter>Utils</Filter>
    </ClCompile>
    <ClCompile Include="CircleView.cpp">
      <Filter>Views</Filter>
    </ClCompile>
    <ClCompile Include="EllipseView.cpp">
      <Filter>Views</Filter>
    </ClCompile>
    <ClCompile Include="LineView.cpp">
      <Filter>Views</Filter>
    </ClCompile>
  </ItemGroup>
  <ItemGroup>
    <ResourceCompile Include="RNSVG.rc">
      <Filter>Resource Files</Filter>
    </ResourceCompile>
  </ItemGroup>
  <ItemGroup>
    <Midl Include="ReactPackageProvider.idl" />
    <Midl Include="Types.idl">
      <Filter>IDLs</Filter>
    </Midl>
    <Midl Include="Views.idl">
      <Filter>IDLs</Filter>
    </Midl>
  </ItemGroup>
</Project>